
Microsoft Visual Studio Solution File, Format Version 12.00
# Visual Studio Version 17
VisualStudioVersion = 17.1.32210.238
MinimumVisualStudioVersion = 10.0.40219.1
Project("{8BC9CEB8-8B4A-11D0-8D11-00A0C91BC942}") = "using_dynamic_array", "using_dynamic_array\using_dynamic_array.vcxproj", "{05582BDB-E397-4206-8D4E-689B2D947D67}"
EndProject
Project("{8BC9CEB8-8B4A-11D0-8D11-00A0C91BC942}") = "2", "2\2.vcxproj", "{3E61BFD7-32CB-43A9-9784-6C99A2223D6B}"
EndProject
Global
	GlobalSection(SolutionConfigurationPlatforms) = preSolution
		Debug|x64 = Debug|x64
		Debug|x86 = Debug|x86
		Release|x64 = Release|x64
		Release|x86 = Release|x86
	EndGlobalSection
	GlobalSection(ProjectConfigurationPlatforms) = postSolution
		{05582BDB-E397-4206-8D4E-689B2D947D67}.Debug|x64.ActiveCfg = Debug|x64
		{05582BDB-E397-4206-8D4E-689B2D947D67}.Debug|x64.Build.0 = Debug|x64
		{05582BDB-E397-4206-8D4E-689B2D947D67}.Debug|x86.ActiveCfg = Debug|Win32
		{05582BDB-E397-4206-8D4E-689B2D947D67}.Debug|x86.Build.0 = Debug|Win32
		{05582BDB-E397-4206-8D4E-689B2D947D67}.Release|x64.ActiveCfg = Release|x64
		{05582BDB-E397-4206-8D4E-689B2D947D67}.Release|x64.Build.0 = Release|x64
		{05582BDB-E397-4206-8D4E-689B2D947D67}.Release|x86.ActiveCfg = Release|Win32
		{05582BDB-E397-4206-8D4E-689B2D947D67}.Release|x86.Build.0 = Release|Win32
		{3E61BFD7-32CB-43A9-9784-6C99A2223D6B}.Debug|x64.ActiveCfg = Debug|x64
		{3E61BFD7-32CB-43A9-9784-6C99A2223D6B}.Debug|x64.Build.0 = Debug|x64
		{3E61BFD7-32CB-43A9-9784-6C99A2223D6B}.Debug|x86.ActiveCfg = Debug|Win32
		{3E61BFD7-32CB-43A9-9784-6C99A2223D6B}.Debug|x86.Build.0 = Debug|Win32
		{3E61BFD7-32CB-43A9-9784-6C99A2223D6B}.Release|x64.ActiveCfg = Release|x64
		{3E61BFD7-32CB-43A9-9784-6C99A2223D6B}.Release|x64.Build.0 = Release|x64
		{3E61BFD7-32CB-43A9-9784-6C99A2223D6B}.Release|x86.ActiveCfg = Release|Win32
		{3E61BFD7-32CB-43A9-9784-6C99A2223D6B}.Release|x86.Build.0 = Release|Win32
	EndGlobalSection
	GlobalSection(SolutionProperties) = preSolution
		HideSolutionNode = FALSE
	EndGlobalSection
	GlobalSection(ExtensibilityGlobals) = postSolution
		SolutionGuid = {D4B10341-6CE7-409B-B7EB-9DB05C9E31A4}
	EndGlobalSection
EndGlobal
