
Microsoft Visual Studio Solution File, Format Version 12.00
# Visual Studio Version 17
VisualStudioVersion = 17.1.32210.238
MinimumVisualStudioVersion = 10.0.40219.1
Project("{8BC9CEB8-8B4A-11D0-8D11-00A0C91BC942}") = "1", "1\1.vcxproj", "{2128016C-C58C-46B3-9FE8-10F144061BD3}"
EndProject
Project("{8BC9CEB8-8B4A-11D0-8D11-00A0C91BC942}") = "2", "2\2.vcxproj", "{8F3ABDE7-6AD4-42AF-96DD-ACC27606B2B1}"
EndProject
Project("{8BC9CEB8-8B4A-11D0-8D11-00A0C91BC942}") = "3", "3\3.vcxproj", "{CA714849-989D-496D-9852-5DD4C21BA236}"
EndProject
Global
	GlobalSection(SolutionConfigurationPlatforms) = preSolution
		Debug|x64 = Debug|x64
		Debug|x86 = Debug|x86
		Release|x64 = Release|x64
		Release|x86 = Release|x86
	EndGlobalSection
	GlobalSection(ProjectConfigurationPlatforms) = postSolution
		{2128016C-C58C-46B3-9FE8-10F144061BD3}.Debug|x64.ActiveCfg = Debug|x64
		{2128016C-C58C-46B3-9FE8-10F144061BD3}.Debug|x64.Build.0 = Debug|x64
		{2128016C-C58C-46B3-9FE8-10F144061BD3}.Debug|x86.ActiveCfg = Debug|Win32
		{2128016C-C58C-46B3-9FE8-10F144061BD3}.Debug|x86.Build.0 = Debug|Win32
		{2128016C-C58C-46B3-9FE8-10F144061BD3}.Release|x64.ActiveCfg = Release|x64
		{2128016C-C58C-46B3-9FE8-10F144061BD3}.Release|x64.Build.0 = Release|x64
		{2128016C-C58C-46B3-9FE8-10F144061BD3}.Release|x86.ActiveCfg = Release|Win32
		{2128016C-C58C-46B3-9FE8-10F144061BD3}.Release|x86.Build.0 = Release|Win32
		{8F3ABDE7-6AD4-42AF-96DD-ACC27606B2B1}.Debug|x64.ActiveCfg = Debug|x64
		{8F3ABDE7-6AD4-42AF-96DD-ACC27606B2B1}.Debug|x64.Build.0 = Debug|x64
		{8F3ABDE7-6AD4-42AF-96DD-ACC27606B2B1}.Debug|x86.ActiveCfg = Debug|Win32
		{8F3ABDE7-6AD4-42AF-96DD-ACC27606B2B1}.Debug|x86.Build.0 = Debug|Win32
		{8F3ABDE7-6AD4-42AF-96DD-ACC27606B2B1}.Release|x64.ActiveCfg = Release|x64
		{8F3ABDE7-6AD4-42AF-96DD-ACC27606B2B1}.Release|x64.Build.0 = Release|x64
		{8F3ABDE7-6AD4-42AF-96DD-ACC27606B2B1}.Release|x86.ActiveCfg = Release|Win32
		{8F3ABDE7-6AD4-42AF-96DD-ACC27606B2B1}.Release|x86.Build.0 = Release|Win32
		{CA714849-989D-496D-9852-5DD4C21BA236}.Debug|x64.ActiveCfg = Debug|x64
		{CA714849-989D-496D-9852-5DD4C21BA236}.Debug|x64.Build.0 = Debug|x64
		{CA714849-989D-496D-9852-5DD4C21BA236}.Debug|x86.ActiveCfg = Debug|Win32
		{CA714849-989D-496D-9852-5DD4C21BA236}.Debug|x86.Build.0 = Debug|Win32
		{CA714849-989D-496D-9852-5DD4C21BA236}.Release|x64.ActiveCfg = Release|x64
		{CA714849-989D-496D-9852-5DD4C21BA236}.Release|x64.Build.0 = Release|x64
		{CA714849-989D-496D-9852-5DD4C21BA236}.Release|x86.ActiveCfg = Release|Win32
		{CA714849-989D-496D-9852-5DD4C21BA236}.Release|x86.Build.0 = Release|Win32
	EndGlobalSection
	GlobalSection(SolutionProperties) = preSolution
		HideSolutionNode = FALSE
	EndGlobalSection
	GlobalSection(ExtensibilityGlobals) = postSolution
		SolutionGuid = {171578A4-2B94-4A22-9ACE-C80039A95516}
	EndGlobalSection
EndGlobal
